
Microsoft Visual Studio Solution File, Format Version 12.00
# Visual Studio Version 17
VisualStudioVersion = 17.11.35327.3
MinimumVisualStudioVersion = 10.0.40219.1
Project("{FAE04EC0-301F-11D3-BF4B-00C04F79EFBC}") = "ML_WebAPI", "ML_WebAPI\ML_WebAPI.csproj", "{6C001B72-88BE-42AF-B961-BB303AE75DC3}"
EndProject
Global
	GlobalSection(SolutionConfigurationPlatforms) = preSolution
		Debug|Any CPU = Debug|Any CPU
		Release|Any CPU = Release|Any CPU
	EndGlobalSection
	GlobalSection(ProjectConfigurationPlatforms) = postSolution
		{6C001B72-88BE-42AF-B961-BB303AE75DC3}.Debug|Any CPU.ActiveCfg = Debug|Any CPU
		{6C001B72-88BE-42AF-B961-BB303AE75DC3}.Debug|Any CPU.Build.0 = Debug|Any CPU
		{6C001B72-88BE-42AF-B961-BB303AE75DC3}.Release|Any CPU.ActiveCfg = Release|Any CPU
		{6C001B72-88BE-42AF-B961-BB303AE75DC3}.Release|Any CPU.Build.0 = Release|Any CPU
	EndGlobalSection
	GlobalSection(SolutionProperties) = preSolution
		HideSolutionNode = FALSE
	EndGlobalSection
	GlobalSection(ExtensibilityGlobals) = postSolution
		SolutionGuid = {907E3E54-7111-400E-8C40-1D21F37DB058}
	EndGlobalSection
EndGlobal
